
Microsoft Visual Studio Solution File, Format Version 12.00
# Visual Studio Version 17
VisualStudioVersion = 17.4.33403.182
MinimumVisualStudioVersion = 10.0.40219.1
Project("{FAE04EC0-301F-11D3-BF4B-00C04F79EFBC}") = "Code Login", "Code Login\Code Login.csproj", "{0C9BD398-69C2-41CF-ADED-7C90EA06D973}"
EndProject
Global
	GlobalSection(SolutionConfigurationPlatforms) = preSolution
		Debug|Any CPU = Debug|Any CPU
		Release|Any CPU = Release|Any CPU
	EndGlobalSection
	GlobalSection(ProjectConfigurationPlatforms) = postSolution
		{0C9BD398-69C2-41CF-ADED-7C90EA06D973}.Debug|Any CPU.ActiveCfg = Debug|Any CPU
		{0C9BD398-69C2-41CF-ADED-7C90EA06D973}.Debug|Any CPU.Build.0 = Debug|Any CPU
		{0C9BD398-69C2-41CF-ADED-7C90EA06D973}.Release|Any CPU.ActiveCfg = Release|Any CPU
		{0C9BD398-69C2-41CF-ADED-7C90EA06D973}.Release|Any CPU.Build.0 = Release|Any CPU
	EndGlobalSection
	GlobalSection(SolutionProperties) = preSolution
		HideSolutionNode = FALSE
	EndGlobalSection
	GlobalSection(ExtensibilityGlobals) = postSolution
		SolutionGuid = {DD327528-F5EA-4DD4-83E4-A16E924C2039}
	EndGlobalSection
EndGlobal
